{
  "name": "autonode",
  "version": "0.0.2",
  "lockfileVersion": 2,
  "requires": true,
  "packages": {
    "": {
      "name": "autonode",
      "version": "0.0.2",
      "license": "MIT",
      "dependencies": {
        "@tymianekpl/logginglib": "^1.0.5"
      }
    },
    "node_modules/@tymianekpl/logginglib": {
      "version": "1.0.5",
      "resolved": "https://registry.npmjs.org/@tymianekpl/logginglib/-/logginglib-1.0.5.tgz",
      "integrity": "sha512-JNjAZwDXdvq0Cw/MKLpgo4xXcCPFSrBNI1eJ5B5++rAN6evR6Jnj3ID4eFDsDhhMOJGoJOgm5DofrZFaqVAj2Q=="
    }
  },
  "dependencies": {
    "@tymianekpl/logginglib": {
      "version": "1.0.5",
      "resolved": "https://registry.npmjs.org/@tymianekpl/logginglib/-/logginglib-1.0.5.tgz",
      "integrity": "sha512-JNjAZwDXdvq0Cw/MKLpgo4xXcCPFSrBNI1eJ5B5++rAN6evR6Jnj3ID4eFDsDhhMOJGoJOgm5DofrZFaqVAj2Q=="
    }
  }
}
